
Microsoft Visual Studio Solution File, Format Version 12.00
# Visual Studio 15
VisualStudioVersion = 15.0.27130.2010
MinimumVisualStudioVersion = 10.0.40219.1
Project("{FAE04EC0-301F-11D3-BF4B-00C04F79EFBC}") = "CryptoTracker.WebApi", "CryptoTracker.WebApi\CryptoTracker.WebApi.csproj", "{35D80972-1B36-495D-8E5C-5DDB554E8A34}"
EndProject
Global
	GlobalSection(SolutionConfigurationPlatforms) = preSolution
		Debug|Any CPU = Debug|Any CPU
		Release|Any CPU = Release|Any CPU
	EndGlobalSection
	GlobalSection(ProjectConfigurationPlatforms) = postSolution
		{35D80972-1B36-495D-8E5C-5DDB554E8A34}.Debug|Any CPU.ActiveCfg = Debug|Any CPU
		{35D80972-1B36-495D-8E5C-5DDB554E8A34}.Debug|Any CPU.Build.0 = Debug|Any CPU
		{35D80972-1B36-495D-8E5C-5DDB554E8A34}.Release|Any CPU.ActiveCfg = Release|Any CPU
		{35D80972-1B36-495D-8E5C-5DDB554E8A34}.Release|Any CPU.Build.0 = Release|Any CPU
	EndGlobalSection
	GlobalSection(SolutionProperties) = preSolution
		HideSolutionNode = FALSE
	EndGlobalSection
	GlobalSection(ExtensibilityGlobals) = postSolution
		SolutionGuid = {755988E8-9336-4EEC-94B5-7945FAEC3F01}
	EndGlobalSection
EndGlobal
